
Microsoft Visual Studio Solution File, Format Version 12.00
# Visual Studio Version 17
VisualStudioVersion = 17.7.34031.279
MinimumVisualStudioVersion = 10.0.40219.1
Project("{FAE04EC0-301F-11D3-BF4B-00C04F79EFBC}") = "AddTwoInteger", "AddTwoInteger\AddTwoInteger.csproj", "{695C6F8A-CE2E-4E5D-974A-9819C731E313}"
EndProject
Global
	GlobalSection(SolutionConfigurationPlatforms) = preSolution
		Debug|Any CPU = Debug|Any CPU
		Release|Any CPU = Release|Any CPU
	EndGlobalSection
	GlobalSection(ProjectConfigurationPlatforms) = postSolution
		{695C6F8A-CE2E-4E5D-974A-9819C731E313}.Debug|Any CPU.ActiveCfg = Debug|Any CPU
		{695C6F8A-CE2E-4E5D-974A-9819C731E313}.Debug|Any CPU.Build.0 = Debug|Any CPU
		{695C6F8A-CE2E-4E5D-974A-9819C731E313}.Release|Any CPU.ActiveCfg = Release|Any CPU
		{695C6F8A-CE2E-4E5D-974A-9819C731E313}.Release|Any CPU.Build.0 = Release|Any CPU
	EndGlobalSection
	GlobalSection(SolutionProperties) = preSolution
		HideSolutionNode = FALSE
	EndGlobalSection
	GlobalSection(ExtensibilityGlobals) = postSolution
		SolutionGuid = {AF07B4C7-9F07-461A-8ED3-B8D40641B418}
	EndGlobalSection
EndGlobal
