
Microsoft Visual Studio Solution File, Format Version 12.00
# Visual Studio Version 17
VisualStudioVersion = 17.7.34031.279
MinimumVisualStudioVersion = 10.0.40219.1
Project("{FAE04EC0-301F-11D3-BF4B-00C04F79EFBC}") = "Fibonacci", "Fibonacci\Fibonacci.csproj", "{EE33C902-5AE3-4C7C-ABDE-462AA07A0B93}"
EndProject
Global
	GlobalSection(SolutionConfigurationPlatforms) = preSolution
		Debug|Any CPU = Debug|Any CPU
		Release|Any CPU = Release|Any CPU
	EndGlobalSection
	GlobalSection(ProjectConfigurationPlatforms) = postSolution
		{EE33C902-5AE3-4C7C-ABDE-462AA07A0B93}.Debug|Any CPU.ActiveCfg = Debug|Any CPU
		{EE33C902-5AE3-4C7C-ABDE-462AA07A0B93}.Debug|Any CPU.Build.0 = Debug|Any CPU
		{EE33C902-5AE3-4C7C-ABDE-462AA07A0B93}.Release|Any CPU.ActiveCfg = Release|Any CPU
		{EE33C902-5AE3-4C7C-ABDE-462AA07A0B93}.Release|Any CPU.Build.0 = Release|Any CPU
	EndGlobalSection
	GlobalSection(SolutionProperties) = preSolution
		HideSolutionNode = FALSE
	EndGlobalSection
	GlobalSection(ExtensibilityGlobals) = postSolution
		SolutionGuid = {3E16B52B-F613-4447-B071-4A04E7F179D7}
	EndGlobalSection
EndGlobal
